{
  "name": "reminder",
  "version": "0.0.0",
  "lockfileVersion": 3,
  "requires": true,
  "packages": {
    "": {
      "name": "reminder",
      "version": "0.0.0",
      "license": "MIT",
      "dependencies": {
        "reminder": "^0.1.1"
      }
    },
    "node_modules/reminder": {
      "version": "0.1.1",
      "resolved": "https://registry.npmjs.org/reminder/-/reminder-0.1.1.tgz",
      "integrity": "sha512-ZoaT8ZTJre8PKo7RziM3OCxV/q3vqzNKfgtDQXD3rvUtdsFAXmeBLLu3AuWr5PHhyiDbf2Hi52hShQkNuJpnCw==",
      "engines": {
        "node": "*"
      }
    }
  }
}
